
Microsoft Visual Studio Solution File, Format Version 12.00
# Visual Studio Version 17
VisualStudioVersion = 17.2.32630.192
MinimumVisualStudioVersion = 10.0.40219.1
Project("{FAE04EC0-301F-11D3-BF4B-00C04F79EFBC}") = "03.SoftUniBarIncome", "03.SoftUniBarIncome.csproj", "{905F6D5C-839E-4137-BA7F-7A4A069B83DD}"
EndProject
Global
	GlobalSection(SolutionConfigurationPlatforms) = preSolution
		Debug|Any CPU = Debug|Any CPU
		Release|Any CPU = Release|Any CPU
	EndGlobalSection
	GlobalSection(ProjectConfigurationPlatforms) = postSolution
		{905F6D5C-839E-4137-BA7F-7A4A069B83DD}.Debug|Any CPU.ActiveCfg = Debug|Any CPU
		{905F6D5C-839E-4137-BA7F-7A4A069B83DD}.Debug|Any CPU.Build.0 = Debug|Any CPU
		{905F6D5C-839E-4137-BA7F-7A4A069B83DD}.Release|Any CPU.ActiveCfg = Release|Any CPU
		{905F6D5C-839E-4137-BA7F-7A4A069B83DD}.Release|Any CPU.Build.0 = Release|Any CPU
	EndGlobalSection
	GlobalSection(SolutionProperties) = preSolution
		HideSolutionNode = FALSE
	EndGlobalSection
	GlobalSection(ExtensibilityGlobals) = postSolution
		SolutionGuid = {FF5C3646-9492-432E-BF41-F548402C63C5}
	EndGlobalSection
EndGlobal
